// !$*UTF8*$!
{
	archiveVersion = 1;
	classes = {
	};
	objectVersion = 55;
	objects = {

/* Begin PBXBuildFile section */
		DFC2337027391A2A0025F290 /* AppDelegate.swift in Sources */ = {isa = PBXBuildFile; fileRef = DFC2336F27391A2A0025F290 /* AppDelegate.swift */; };
		DFC2337227391A2A0025F290 /* SceneDelegate.swift in Sources */ = {isa = PBXBuildFile; fileRef = DFC2337127391A2A0025F290 /* SceneDelegate.swift */; };
		DFC2337427391A2A0025F290 /* CardsViewController.swift in Sources */ = {isa = PBXBuildFile; fileRef = DFC2337327391A2A0025F290 /* CardsViewController.swift */; };
		DFC2337727391A2A0025F290 /* Main.storyboard in Resources */ = {isa = PBXBuildFile; fileRef = DFC2337527391A2A0025F290 /* Main.storyboard */; };
		DFC2337927391A2C0025F290 /* Assets.xcassets in Resources */ = {isa = PBXBuildFile; fileRef = DFC2337827391A2C0025F290 /* Assets.xcassets */; };
		DFC2337C27391A2C0025F290 /* LaunchScreen.storyboard in Resources */ = {isa = PBXBuildFile; fileRef = DFC2337A27391A2C0025F290 /* LaunchScreen.storyboard */; };
		DFC2338927391A530025F290 /* CardCollectionViewLayout.swift in Sources */ = {isa = PBXBuildFile; fileRef = DFC2338427391A520025F290 /* CardCollectionViewLayout.swift */; };
		DFC2338A27391A530025F290 /* CardCollectionViewLayoutOptions.swift in Sources */ = {isa = PBXBuildFile; fileRef = DFC2338527391A530025F290 /* CardCollectionViewLayoutOptions.swift */; };
		DFC2338B27391A530025F290 /* CardCollectionViewCell.swift in Sources */ = {isa = PBXBuildFile; fileRef = DFC2338627391A530025F290 /* CardCollectionViewCell.swift */; };
		DFC2338C27391A530025F290 /* CardLayoutAttributes.swift in Sources */ = {isa = PBXBuildFile; fileRef = DFC2338827391A530025F290 /* CardLayoutAttributes.swift */; };
		DFC2339027391BDF0025F290 /* CartCollectionViewCell.swift in Sources */ = {isa = PBXBuildFile; fileRef = DFC2338F27391BDF0025F290 /* CartCollectionViewCell.swift */; };
		DFC9CEAE27393089000F6928 /* image1.png in Resources */ = {isa = PBXBuildFile; fileRef = DFC9CEAC27393089000F6928 /* image1.png */; };
		DFC9CEAF27393089000F6928 /* imge2.png in Resources */ = {isa = PBXBuildFile; fileRef = DFC9CEAD27393089000F6928 /* imge2.png */; };
		DFC9CEB127393876000F6928 /* README.md in Resources */ = {isa = PBXBuildFile; fileRef = DFC9CEB027393876000F6928 /* README.md */; };
		DFC9CEB327393F60000F6928 /* showCase.gif in Resources */ = {isa = PBXBuildFile; fileRef = DFC9CEB227393F60000F6928 /* showCase.gif */; };
/* End PBXBuildFile section */

/* Begin PBXFileReference section */
		DFC2336C27391A2A0025F290 /* CardCollectionViewLayout.app */ = {isa = PBXFileReference; explicitFileType = wrapper.application; includeInIndex = 0; path = CardCollectionViewLayout.app; sourceTree = BUILT_PRODUCTS_DIR; };
		DFC2336F27391A2A0025F290 /* AppDelegate.swift */ = {isa = PBXFileReference; lastKnownFileType = sourcecode.swift; path = AppDelegate.swift; sourceTree = "<group>"; };
		DFC2337127391A2A0025F290 /* SceneDelegate.swift */ = {isa = PBXFileReference; lastKnownFileType = sourcecode.swift; path = SceneDelegate.swift; sourceTree = "<group>"; };
		DFC2337327391A2A0025F290 /* CardsViewController.swift */ = {isa = PBXFileReference; lastKnownFileType = sourcecode.swift; path = CardsViewController.swift; sourceTree = "<group>"; };
		DFC2337627391A2A0025F290 /* Base */ = {isa = PBXFileReference; lastKnownFileType = file.storyboard; name = Base; path = Base.lproj/Main.storyboard; sourceTree = "<group>"; };
		DFC2337827391A2C0025F290 /* Assets.xcassets */ = {isa = PBXFileReference; lastKnownFileType = folder.assetcatalog; path = Assets.xcassets; sourceTree = "<group>"; };
		DFC2337B27391A2C0025F290 /* Base */ = {isa = PBXFileReference; lastKnownFileType = file.storyboard; name = Base; path = Base.lproj/LaunchScreen.storyboard; sourceTree = "<group>"; };
		DFC2337D27391A2C0025F290 /* Info.plist */ = {isa = PBXFileReference; lastKnownFileType = text.plist.xml; path = Info.plist; sourceTree = "<group>"; };
		DFC2338427391A520025F290 /* CardCollectionViewLayout.swift */ = {isa = PBXFileReference; fileEncoding = 4; lastKnownFileType = sourcecode.swift; path = CardCollectionViewLayout.swift; sourceTree = "<group>"; };
		DFC2338527391A530025F290 /* CardCollectionViewLayoutOptions.swift */ = {isa = PBXFileReference; fileEncoding = 4; lastKnownFileType = sourcecode.swift; path = CardCollectionViewLayoutOptions.swift; sourceTree = "<group>"; };
		DFC2338627391A530025F290 /* CardCollectionViewCell.swift */ = {isa = PBXFileReference; fileEncoding = 4; lastKnownFileType = sourcecode.swift; path = CardCollectionViewCell.swift; sourceTree = "<group>"; };
		DFC2338727391A530025F290 /* CardCollectionViewLayout.h */ = {isa = PBXFileReference; fileEncoding = 4; lastKnownFileType = sourcecode.c.h; path = CardCollectionViewLayout.h; sourceTree = "<group>"; };
		DFC2338827391A530025F290 /* CardLayoutAttributes.swift */ = {isa = PBXFileReference; fileEncoding = 4; lastKnownFileType = sourcecode.swift; path = CardLayoutAttributes.swift; sourceTree = "<group>"; };
		DFC2338F27391BDF0025F290 /* CartCollectionViewCell.swift */ = {isa = PBXFileReference; lastKnownFileType = sourcecode.swift; path = CartCollectionViewCell.swift; sourceTree = "<group>"; };
		DFC9CEAC27393089000F6928 /* image1.png */ = {isa = PBXFileReference; lastKnownFileType = image.png; path = image1.png; sourceTree = "<group>"; };
		DFC9CEAD27393089000F6928 /* imge2.png */ = {isa = PBXFileReference; lastKnownFileType = image.png; path = imge2.png; sourceTree = "<group>"; };
		DFC9CEB027393876000F6928 /* README.md */ = {isa = PBXFileReference; fileEncoding = 4; lastKnownFileType = net.daringfireball.markdown; path = README.md; sourceTree = "<group>"; };
		DFC9CEB227393F60000F6928 /* showCase.gif */ = {isa = PBXFileReference; lastKnownFileType = image.gif; path = showCase.gif; sourceTree = "<group>"; };
/* End PBXFileReference section */

/* Begin PBXFrameworksBuildPhase section */
		DFC2336927391A2A0025F290 /* Frameworks */ = {
			isa = PBXFrameworksBuildPhase;
			buildActionMask = 2147483647;
			files = (
			);
			runOnlyForDeploymentPostprocessing = 0;
		};
/* End PBXFrameworksBuildPhase section */

/* Begin PBXGroup section */
		DFC2336327391A2A0025F290 = {
			isa = PBXGroup;
			children = (
				DFC9CEB027393876000F6928 /* README.md */,
				DFC9CEB227393F60000F6928 /* showCase.gif */,
				DFC2336E27391A2A0025F290 /* CardCollectionViewLayout */,
				DFC2336D27391A2A0025F290 /* Products */,
			);
			sourceTree = "<group>";
		};
		DFC2336D27391A2A0025F290 /* Products */ = {
			isa = PBXGroup;
			children = (
				DFC2336C27391A2A0025F290 /* CardCollectionViewLayout.app */,
			);
			name = Products;
			sourceTree = "<group>";
		};
		DFC2336E27391A2A0025F290 /* CardCollectionViewLayout */ = {
			isa = PBXGroup;
			children = (
				DFC233912739205D0025F290 /* images */,
				DFC2338D27391BB80025F290 /* main view controller */,
				DFC2338327391A380025F290 /* External support files */,
				DFC2336F27391A2A0025F290 /* AppDelegate.swift */,
				DFC2337127391A2A0025F290 /* SceneDelegate.swift */,
				DFC2337527391A2A0025F290 /* Main.storyboard */,
				DFC2337827391A2C0025F290 /* Assets.xcassets */,
				DFC2337A27391A2C0025F290 /* LaunchScreen.storyboard */,
				DFC2337D27391A2C0025F290 /* Info.plist */,
			);
			path = CardCollectionViewLayout;
			sourceTree = "<group>";
		};
		DFC2338327391A380025F290 /* External support files */ = {
			isa = PBXGroup;
			children = (
				DFC2338627391A530025F290 /* CardCollectionViewCell.swift */,
				DFC2338727391A530025F290 /* CardCollectionViewLayout.h */,
				DFC2338427391A520025F290 /* CardCollectionViewLayout.swift */,
				DFC2338527391A530025F290 /* CardCollectionViewLayoutOptions.swift */,
				DFC2338827391A530025F290 /* CardLayoutAttributes.swift */,
			);
			path = "External support files";
			sourceTree = "<group>";
		};
		DFC2338D27391BB80025F290 /* main view controller */ = {
			isa = PBXGroup;
			children = (
				DFC2338E27391BC50025F290 /* cell */,
				DFC2337327391A2A0025F290 /* CardsViewController.swift */,
			);
			path = "main view controller";
			sourceTree = "<group>";
		};
		DFC2338E27391BC50025F290 /* cell */ = {
			isa = PBXGroup;
			children = (
				DFC2338F27391BDF0025F290 /* CartCollectionViewCell.swift */,
			);
			path = cell;
			sourceTree = "<group>";
		};
		DFC233912739205D0025F290 /* images */ = {
			isa = PBXGroup;
			children = (
				DFC9CEAC27393089000F6928 /* image1.png */,
				DFC9CEAD27393089000F6928 /* imge2.png */,
			);
			path = images;
			sourceTree = "<group>";
		};
/* End PBXGroup section */

/* Begin PBXNativeTarget section */
		DFC2336B27391A2A0025F290 /* CardCollectionViewLayout */ = {
			isa = PBXNativeTarget;
			buildConfigurationList = DFC2338027391A2C0025F290 /* Build configuration list for PBXNativeTarget "CardCollectionViewLayout" */;
			buildPhases = (
				DFC2336827391A2A0025F290 /* Sources */,
				DFC2336927391A2A0025F290 /* Frameworks */,
				DFC2336A27391A2A0025F290 /* Resources */,
			);
			buildRules = (
			);
			dependencies = (
			);
			name = CardCollectionViewLayout;
			productName = CardCollectionViewLayout;
			productReference = DFC2336C27391A2A0025F290 /* CardCollectionViewLayout.app */;
			productType = "com.apple.product-type.application";
		};
/* End PBXNativeTarget section */

/* Begin PBXProject section */
		DFC2336427391A2A0025F290 /* Project object */ = {
			isa = PBXProject;
			attributes = {
				BuildIndependentTargetsInParallel = 1;
				LastSwiftUpdateCheck = 1310;
				LastUpgradeCheck = 1310;
				TargetAttributes = {
					DFC2336B27391A2A0025F290 = {
						CreatedOnToolsVersion = 13.1;
					};
				};
			};
			buildConfigurationList = DFC2336727391A2A0025F290 /* Build configuration list for PBXProject "CardCollectionViewLayout" */;
			compatibilityVersion = "Xcode 13.0";
			developmentRegion = en;
			hasScannedForEncodings = 0;
			knownRegions = (
				en,
				Base,
			);
			mainGroup = DFC2336327391A2A0025F290;
			productRefGroup = DFC2336D27391A2A0025F290 /* Products */;
			projectDirPath = "";
			projectRoot = "";
			targets = (
				DFC2336B27391A2A0025F290 /* CardCollectionViewLayout */,
			);
		};
/* End PBXProject section */

/* Begin PBXResourcesBuildPhase section */
		DFC2336A27391A2A0025F290 /* Resources */ = {
			isa = PBXResourcesBuildPhase;
			buildActionMask = 2147483647;
			files = (
				DFC9CEB127393876000F6928 /* README.md in Resources */,
				DFC2337C27391A2C0025F290 /* LaunchScreen.storyboard in Resources */,
				DFC2337927391A2C0025F290 /* Assets.xcassets in Resources */,
				DFC9CEAE27393089000F6928 /* image1.png in Resources */,
				DFC9CEB327393F60000F6928 /* showCase.gif in Resources */,
				DFC2337727391A2A0025F290 /* Main.storyboard in Resources */,
				DFC9CEAF27393089000F6928 /* imge2.png in Resources */,
			);
			runOnlyForDeploymentPostprocessing = 0;
		};
/* End PBXResourcesBuildPhase section */

/* Begin PBXSourcesBuildPhase section */
		DFC2336827391A2A0025F290 /* Sources */ = {
			isa = PBXSourcesBuildPhase;
			buildActionMask = 2147483647;
			files = (
				DFC2339027391BDF0025F290 /* CartCollectionViewCell.swift in Sources */,
				DFC2338C27391A530025F290 /* CardLayoutAttributes.swift in Sources */,
				DFC2337427391A2A0025F290 /* CardsViewController.swift in Sources */,
				DFC2337027391A2A0025F290 /* AppDelegate.swift in Sources */,
				DFC2337227391A2A0025F290 /* SceneDelegate.swift in Sources */,
				DFC2338927391A530025F290 /* CardCollectionViewLayout.swift in Sources */,
				DFC2338A27391A530025F290 /* CardCollectionViewLayoutOptions.swift in Sources */,
				DFC2338B27391A530025F290 /* CardCollectionViewCell.swift in Sources */,
			);
			runOnlyForDeploymentPostprocessing = 0;
		};
/* End PBXSourcesBuildPhase section */

/* Begin PBXVariantGroup section */
		DFC2337527391A2A0025F290 /* Main.storyboard */ = {
			isa = PBXVariantGroup;
			children = (
				DFC2337627391A2A0025F290 /* Base */,
			);
			name = Main.storyboard;
			sourceTree = "<group>";
		};
		DFC2337A27391A2C0025F290 /* LaunchScreen.storyboard */ = {
			isa = PBXVariantGroup;
			children = (
				DFC2337B27391A2C0025F290 /* Base */,
			);
			name = LaunchScreen.storyboard;
			sourceTree = "<group>";
		};
/* End PBXVariantGroup section */

/* Begin XCBuildConfiguration section */
		DFC2337E27391A2C0025F290 /* Debug */ = {
			isa = XCBuildConfiguration;
			buildSettings = {
				ALWAYS_SEARCH_USER_PATHS = NO;
				CLANG_ANALYZER_NONNULL = YES;
				CLANG_ANALYZER_NUMBER_OBJECT_CONVERSION = YES_AGGRESSIVE;
				CLANG_CXX_LANGUAGE_STANDARD = "gnu++17";
				CLANG_CXX_LIBRARY = "libc++";
				CLANG_ENABLE_MODULES = YES;
				CLANG_ENABLE_OBJC_ARC = YES;
				CLANG_ENABLE_OBJC_WEAK = YES;
				CLANG_WARN_BLOCK_CAPTURE_AUTORELEASING = YES;
				CLANG_WARN_BOOL_CONVERSION = YES;
				CLANG_WARN_COMMA = YES;
				CLANG_WARN_CONSTANT_CONVERSION = YES;
				CLANG_WARN_DEPRECATED_OBJC_IMPLEMENTATIONS = YES;
				CLANG_WARN_DIRECT_OBJC_ISA_USAGE = YES_ERROR;
				CLANG_WARN_DOCUMENTATION_COMMENTS = YES;
				CLANG_WARN_EMPTY_BODY = YES;
				CLANG_WARN_ENUM_CONVERSION = YES;
				CLANG_WARN_INFINITE_RECURSION = YES;
				CLANG_WARN_INT_CONVERSION = YES;
				CLANG_WARN_NON_LITERAL_NULL_CONVERSION = YES;
				CLANG_WARN_OBJC_IMPLICIT_RETAIN_SELF = YES;
				CLANG_WARN_OBJC_LITERAL_CONVERSION = YES;
				CLANG_WARN_OBJC_ROOT_CLASS = YES_ERROR;
				CLANG_WARN_QUOTED_INCLUDE_IN_FRAMEWORK_HEADER = YES;
				CLANG_WARN_RANGE_LOOP_ANALYSIS = YES;
				CLANG_WARN_STRICT_PROTOTYPES = YES;
				CLANG_WARN_SUSPICIOUS_MOVE = YES;
				CLANG_WARN_UNGUARDED_AVAILABILITY = YES_AGGRESSIVE;
				CLANG_WARN_UNREACHABLE_CODE = YES;
				CLANG_WARN__DUPLICATE_METHOD_MATCH = YES;
				COPY_PHASE_STRIP = NO;
				DEBUG_INFORMATION_FORMAT = dwarf;
				ENABLE_STRICT_OBJC_MSGSEND = YES;
				ENABLE_TESTABILITY = YES;
				GCC_C_LANGUAGE_STANDARD = gnu11;
				GCC_DYNAMIC_NO_PIC = NO;
				GCC_NO_COMMON_BLOCKS = YES;
				GCC_OPTIMIZATION_LEVEL = 0;
				GCC_PREPROCESSOR_DEFINITIONS = (
					"DEBUG=1",
					"$(inherited)",
				);
				GCC_WARN_64_TO_32_BIT_CONVERSION = YES;
				GCC_WARN_ABOUT_RETURN_TYPE = YES_ERROR;
				GCC_WARN_UNDECLARED_SELECTOR = YES;
				GCC_WARN_UNINITIALIZED_AUTOS = YES_AGGRESSIVE;
				GCC_WARN_UNUSED_FUNCTION = YES;
				GCC_WARN_UNUSED_VARIABLE = YES;
				IPHONEOS_DEPLOYMENT_TARGET = 15.0;
				MTL_ENABLE_DEBUG_INFO = INCLUDE_SOURCE;
				MTL_FAST_MATH = YES;
				ONLY_ACTIVE_ARCH = YES;
				SDKROOT = iphoneos;
				SWIFT_ACTIVE_COMPILATION_CONDITIONS = DEBUG;
				SWIFT_OPTIMIZATION_LEVEL = "-Onone";
			};
			name = Debug;
		};
		DFC2337F27391A2C0025F290 /* Release */ = {
			isa = XCBuildConfiguration;
			buildSettings = {
				ALWAYS_SEARCH_USER_PATHS = NO;
				CLANG_ANALYZER_NONNULL = YES;
				CLANG_ANALYZER_NUMBER_OBJECT_CONVERSION = YES_AGGRESSIVE;
				CLANG_CXX_LANGUAGE_STANDARD = "gnu++17";
				CLANG_CXX_LIBRARY = "libc++";
				CLANG_ENABLE_MODULES = YES;
				CLANG_ENABLE_OBJC_ARC = YES;
				CLANG_ENABLE_OBJC_WEAK = YES;
				CLANG_WARN_BLOCK_CAPTURE_AUTORELEASING = YES;
				CLANG_WARN_BOOL_CONVERSION = YES;
				CLANG_WARN_COMMA = YES;
				CLANG_WARN_CONSTANT_CONVERSION = YES;
				CLANG_WARN_DEPRECATED_OBJC_IMPLEMENTATIONS = YES;
				CLANG_WARN_DIRECT_OBJC_ISA_USAGE = YES_ERROR;
				CLANG_WARN_DOCUMENTATION_COMMENTS = YES;
				CLANG_WARN_EMPTY_BODY = YES;
				CLANG_WARN_ENUM_CONVERSION = YES;
				CLANG_WARN_INFINITE_RECURSION = YES;
				CLANG_WARN_INT_CONVERSION = YES;
				CLANG_WARN_NON_LITERAL_NULL_CONVERSION = YES;
				CLANG_WARN_OBJC_IMPLICIT_RETAIN_SELF = YES;
				CLANG_WARN_OBJC_LITERAL_CONVERSION = YES;
				CLANG_WARN_OBJC_ROOT_CLASS = YES_ERROR;
				CLANG_WARN_QUOTED_INCLUDE_IN_FRAMEWORK_HEADER = YES;
				CLANG_WARN_RANGE_LOOP_ANALYSIS = YES;
				CLANG_WARN_STRICT_PROTOTYPES = YES;
				CLANG_WARN_SUSPICIOUS_MOVE = YES;
				CLANG_WARN_UNGUARDED_AVAILABILITY = YES_AGGRESSIVE;
				CLANG_WARN_UNREACHABLE_CODE = YES;
				CLANG_WARN__DUPLICATE_METHOD_MATCH = YES;
				COPY_PHASE_STRIP = NO;
				DEBUG_INFORMATION_FORMAT = "dwarf-with-dsym";
				ENABLE_NS_ASSERTIONS = NO;
				ENABLE_STRICT_OBJC_MSGSEND = YES;
				GCC_C_LANGUAGE_STANDARD = gnu11;
				GCC_NO_COMMON_BLOCKS = YES;
				GCC_WARN_64_TO_32_BIT_CONVERSION = YES;
				GCC_WARN_ABOUT_RETURN_TYPE = YES_ERROR;
				GCC_WARN_UNDECLARED_SELECTOR = YES;
				GCC_WARN_UNINITIALIZED_AUTOS = YES_AGGRESSIVE;
				GCC_WARN_UNUSED_FUNCTION = YES;
				GCC_WARN_UNUSED_VARIABLE = YES;
				IPHONEOS_DEPLOYMENT_TARGET = 15.0;
				MTL_ENABLE_DEBUG_INFO = NO;
				MTL_FAST_MATH = YES;
				SDKROOT = iphoneos;
				SWIFT_COMPILATION_MODE = wholemodule;
				SWIFT_OPTIMIZATION_LEVEL = "-O";
				VALIDATE_PRODUCT = YES;
			};
			name = Release;
		};
		DFC2338127391A2C0025F290 /* Debug */ = {
			isa = XCBuildConfiguration;
			buildSettings = {
				ASSETCATALOG_COMPILER_APPICON_NAME = AppIcon;
				ASSETCATALOG_COMPILER_GLOBAL_ACCENT_COLOR_NAME = AccentColor;
				CODE_SIGN_STYLE = Automatic;
				CURRENT_PROJECT_VERSION = 1;
				GENERATE_INFOPLIST_FILE = YES;
				INFOPLIST_FILE = CardCollectionViewLayout/Info.plist;
				INFOPLIST_KEY_UIApplicationSupportsIndirectInputEvents = YES;
				INFOPLIST_KEY_UILaunchStoryboardName = LaunchScreen;
				INFOPLIST_KEY_UIMainStoryboardFile = Main;
				INFOPLIST_KEY_UISupportedInterfaceOrientations_iPad = "UIInterfaceOrientationPortrait UIInterfaceOrientationPortraitUpsideDown UIInterfaceOrientationLandscapeLeft UIInterfaceOrientationLandscapeRight";
				INFOPLIST_KEY_UISupportedInterfaceOrientations_iPhone = "UIInterfaceOrientationPortrait UIInterfaceOrientationLandscapeLeft UIInterfaceOrientationLandscapeRight";
				LD_RUNPATH_SEARCH_PATHS = (
					"$(inherited)",
					"@executable_path/Frameworks",
				);
				MARKETING_VERSION = 1.0;
				PRODUCT_BUNDLE_IDENTIFIER = Ra.CardCollectionViewLayout;
				PRODUCT_NAME = "$(TARGET_NAME)";
				SWIFT_EMIT_LOC_STRINGS = YES;
				SWIFT_VERSION = 5.0;
				TARGETED_DEVICE_FAMILY = "1,2";
			};
			name = Debug;
		};
		DFC2338227391A2C0025F290 /* Release */ = {
			isa = XCBuildConfiguration;
			buildSettings = {
				ASSETCATALOG_COMPILER_APPICON_NAME = AppIcon;
				ASSETCATALOG_COMPILER_GLOBAL_ACCENT_COLOR_NAME = AccentColor;
				CODE_SIGN_STYLE = Automatic;
				CURRENT_PROJECT_VERSION = 1;
				GENERATE_INFOPLIST_FILE = YES;
				INFOPLIST_FILE = CardCollectionViewLayout/Info.plist;
				INFOPLIST_KEY_UIApplicationSupportsIndirectInputEvents = YES;
				INFOPLIST_KEY_UILaunchStoryboardName = LaunchScreen;
				INFOPLIST_KEY_UIMainStoryboardFile = Main;
				INFOPLIST_KEY_UISupportedInterfaceOrientations_iPad = "UIInterfaceOrientationPortrait UIInterfaceOrientationPortraitUpsideDown UIInterfaceOrientationLandscapeLeft UIInterfaceOrientationLandscapeRight";
				INFOPLIST_KEY_UISupportedInterfaceOrientations_iPhone = "UIInterfaceOrientationPortrait UIInterfaceOrientationLandscapeLeft UIInterfaceOrientationLandscapeRight";
				LD_RUNPATH_SEARCH_PATHS = (
					"$(inherited)",
					"@executable_path/Frameworks",
				);
				MARKETING_VERSION = 1.0;
				PRODUCT_BUNDLE_IDENTIFIER = Ra.CardCollectionViewLayout;
				PRODUCT_NAME = "$(TARGET_NAME)";
				SWIFT_EMIT_LOC_STRINGS = YES;
				SWIFT_VERSION = 5.0;
				TARGETED_DEVICE_FAMILY = "1,2";
			};
			name = Release;
		};
/* End XCBuildConfiguration section */

/* Begin XCConfigurationList section */
		DFC2336727391A2A0025F290 /* Build configuration list for PBXProject "CardCollectionViewLayout" */ = {
			isa = XCConfigurationList;
			buildConfigurations = (
				DFC2337E27391A2C0025F290 /* Debug */,
				DFC2337F27391A2C0025F290 /* Release */,
			);
			defaultConfigurationIsVisible = 0;
			defaultConfigurationName = Release;
		};
		DFC2338027391A2C0025F290 /* Build configuration list for PBXNativeTarget "CardCollectionViewLayout" */ = {
			isa = XCConfigurationList;
			buildConfigurations = (
				DFC2338127391A2C0025F290 /* Debug */,
				DFC2338227391A2C0025F290 /* Release */,
			);
			defaultConfigurationIsVisible = 0;
			defaultConfigurationName = Release;
		};
/* End XCConfigurationList section */
	};
	rootObject = DFC2336427391A2A0025F290 /* Project object */;
}
